
Microsoft Visual Studio Solution File, Format Version 12.00
# Visual Studio Version 17
VisualStudioVersion = 17.9.34902.65
MinimumVisualStudioVersion = 10.0.40219.1
Project("{FAE04EC0-301F-11D3-BF4B-00C04F79EFBC}") = "KingICTWebAPI", "KingICTWebAPI\KingICTWebAPI.csproj", "{1395D74B-AB4C-46A7-82CE-652884693A92}"
EndProject
Project("{FAE04EC0-301F-11D3-BF4B-00C04F79EFBC}") = "BL", "BL\BL.csproj", "{C496B801-4188-4929-A3E4-2D650D8CDFCB}"
EndProject
Global
	GlobalSection(SolutionConfigurationPlatforms) = preSolution
		Debug|Any CPU = Debug|Any CPU
		Release|Any CPU = Release|Any CPU
	EndGlobalSection
	GlobalSection(ProjectConfigurationPlatforms) = postSolution
		{1395D74B-AB4C-46A7-82CE-652884693A92}.Debug|Any CPU.ActiveCfg = Debug|Any CPU
		{1395D74B-AB4C-46A7-82CE-652884693A92}.Debug|Any CPU.Build.0 = Debug|Any CPU
		{1395D74B-AB4C-46A7-82CE-652884693A92}.Release|Any CPU.ActiveCfg = Release|Any CPU
		{1395D74B-AB4C-46A7-82CE-652884693A92}.Release|Any CPU.Build.0 = Release|Any CPU
		{C496B801-4188-4929-A3E4-2D650D8CDFCB}.Debug|Any CPU.ActiveCfg = Debug|Any CPU
		{C496B801-4188-4929-A3E4-2D650D8CDFCB}.Debug|Any CPU.Build.0 = Debug|Any CPU
		{C496B801-4188-4929-A3E4-2D650D8CDFCB}.Release|Any CPU.ActiveCfg = Release|Any CPU
		{C496B801-4188-4929-A3E4-2D650D8CDFCB}.Release|Any CPU.Build.0 = Release|Any CPU
	EndGlobalSection
	GlobalSection(SolutionProperties) = preSolution
		HideSolutionNode = FALSE
	EndGlobalSection
	GlobalSection(ExtensibilityGlobals) = postSolution
		SolutionGuid = {45224924-0908-4CDC-95C3-ABB9F0C6E130}
	EndGlobalSection
EndGlobal
